{
  "nodes": {
    "nixpkgs": {
      "locked": {
        "lastModified": 1740865531,
        "narHash": "sha256-h00vGIh/jxcGl8aWdfnVRD74KuLpyY3mZgMFMy7iKIc=",
        "owner": "NixOS",
        "repo": "nixpkgs",
        "rev": "5ef6c425980847c78a80d759abc476e941a9bf42",
        "type": "github"
      },
      "original": {
        "owner": "NixOS",
        "ref": "nixos-24.11",
        "repo": "nixpkgs",
        "type": "github"
      }
    },
    "nixpkgs_2": {
      "locked": {
        "lastModified": 1740865531,
        "narHash": "sha256-h00vGIh/jxcGl8aWdfnVRD74KuLpyY3mZgMFMy7iKIc=",
        "owner": "NixOS",
        "repo": "nixpkgs",
        "rev": "5ef6c425980847c78a80d759abc476e941a9bf42",
        "type": "github"
      },
      "original": {
        "owner": "NixOS",
        "ref": "nixos-24.11",
        "repo": "nixpkgs",
        "type": "github"
      }
    },
    "nixsvcs": {
      "inputs": {
        "nixpkgs": "nixpkgs_2"
      },
      "locked": {
        "lastModified": 1745470809,
        "narHash": "sha256-hLMOlgaN+aWmu9oI22/ZcxDJXN7uFtDF884TtGUvhPs=",
        "owner": "RazYang",
        "repo": "nixsvcs",
        "rev": "a2aaaaaabab08a89ca57ef6e39133d739dda1070",
        "type": "github"
      },
      "original": {
        "owner": "RazYang",
        "repo": "nixsvcs",
        "type": "github"
      }
    },
    "root": {
      "inputs": {
        "nixpkgs": "nixpkgs",
        "nixsvcs": "nixsvcs"
      }
    }
  },
  "root": "root",
  "version": 7
}
